
Microsoft Visual Studio Solution File, Format Version 12.00
# Visual Studio Version 17
VisualStudioVersion = 17.5.33424.131
MinimumVisualStudioVersion = 10.0.40219.1
Project("{8BC9CEB8-8B4A-11D0-8D11-00A0C91BC942}") = "staticmember", "staticmember\staticmember.vcxproj", "{DD5A4E07-DA91-4062-B39E-DF34FBBB6C4A}"
EndProject
Project("{8BC9CEB8-8B4A-11D0-8D11-00A0C91BC942}") = "konstruktor", "konstruktor\konstruktor.vcxproj", "{212BED6A-7245-4AA4-B06B-CCD51B7461AE}"
EndProject
Project("{8BC9CEB8-8B4A-11D0-8D11-00A0C91BC942}") = "mbrstaticfunc", "mbrstaticfunc\mbrstaticfunc.vcxproj", "{8D8BE35F-BBEF-4C66-BBC7-5CF8452AF6B9}"
EndProject
Global
	GlobalSection(SolutionConfigurationPlatforms) = preSolution
		Debug|x64 = Debug|x64
		Debug|x86 = Debug|x86
		Release|x64 = Release|x64
		Release|x86 = Release|x86
	EndGlobalSection
	GlobalSection(ProjectConfigurationPlatforms) = postSolution
		{DD5A4E07-DA91-4062-B39E-DF34FBBB6C4A}.Debug|x64.ActiveCfg = Debug|x64
		{DD5A4E07-DA91-4062-B39E-DF34FBBB6C4A}.Debug|x64.Build.0 = Debug|x64
		{DD5A4E07-DA91-4062-B39E-DF34FBBB6C4A}.Debug|x86.ActiveCfg = Debug|Win32
		{DD5A4E07-DA91-4062-B39E-DF34FBBB6C4A}.Debug|x86.Build.0 = Debug|Win32
		{DD5A4E07-DA91-4062-B39E-DF34FBBB6C4A}.Release|x64.ActiveCfg = Release|x64
		{DD5A4E07-DA91-4062-B39E-DF34FBBB6C4A}.Release|x64.Build.0 = Release|x64
		{DD5A4E07-DA91-4062-B39E-DF34FBBB6C4A}.Release|x86.ActiveCfg = Release|Win32
		{DD5A4E07-DA91-4062-B39E-DF34FBBB6C4A}.Release|x86.Build.0 = Release|Win32
		{212BED6A-7245-4AA4-B06B-CCD51B7461AE}.Debug|x64.ActiveCfg = Debug|x64
		{212BED6A-7245-4AA4-B06B-CCD51B7461AE}.Debug|x64.Build.0 = Debug|x64
		{212BED6A-7245-4AA4-B06B-CCD51B7461AE}.Debug|x86.ActiveCfg = Debug|Win32
		{212BED6A-7245-4AA4-B06B-CCD51B7461AE}.Debug|x86.Build.0 = Debug|Win32
		{212BED6A-7245-4AA4-B06B-CCD51B7461AE}.Release|x64.ActiveCfg = Release|x64
		{212BED6A-7245-4AA4-B06B-CCD51B7461AE}.Release|x64.Build.0 = Release|x64
		{212BED6A-7245-4AA4-B06B-CCD51B7461AE}.Release|x86.ActiveCfg = Release|Win32
		{212BED6A-7245-4AA4-B06B-CCD51B7461AE}.Release|x86.Build.0 = Release|Win32
		{8D8BE35F-BBEF-4C66-BBC7-5CF8452AF6B9}.Debug|x64.ActiveCfg = Debug|x64
		{8D8BE35F-BBEF-4C66-BBC7-5CF8452AF6B9}.Debug|x64.Build.0 = Debug|x64
		{8D8BE35F-BBEF-4C66-BBC7-5CF8452AF6B9}.Debug|x86.ActiveCfg = Debug|Win32
		{8D8BE35F-BBEF-4C66-BBC7-5CF8452AF6B9}.Debug|x86.Build.0 = Debug|Win32
		{8D8BE35F-BBEF-4C66-BBC7-5CF8452AF6B9}.Release|x64.ActiveCfg = Release|x64
		{8D8BE35F-BBEF-4C66-BBC7-5CF8452AF6B9}.Release|x64.Build.0 = Release|x64
		{8D8BE35F-BBEF-4C66-BBC7-5CF8452AF6B9}.Release|x86.ActiveCfg = Release|Win32
		{8D8BE35F-BBEF-4C66-BBC7-5CF8452AF6B9}.Release|x86.Build.0 = Release|Win32
	EndGlobalSection
	GlobalSection(SolutionProperties) = preSolution
		HideSolutionNode = FALSE
	EndGlobalSection
	GlobalSection(ExtensibilityGlobals) = postSolution
		SolutionGuid = {6792226C-5B77-4390-A444-CE35ED02C317}
	EndGlobalSection
EndGlobal
